
Microsoft Visual Studio Solution File, Format Version 12.00
# Visual Studio 15
VisualStudioVersion = 15.0.26730.16
MinimumVisualStudioVersion = 10.0.40219.1
Project("{FAE04EC0-301F-11D3-BF4B-00C04F79EFBC}") = "Agrobook.Server", "Agrobook.Server\Agrobook.Server.csproj", "{6B68ACFE-67B3-4AE4-9C2E-B723FCDC4DE5}"
EndProject
Project("{FAE04EC0-301F-11D3-BF4B-00C04F79EFBC}") = "Agrobook.Web", "Agrobook.Web\Agrobook.Web.csproj", "{0FCE4C99-B7C4-489C-B994-A0EA68E8D2DC}"
EndProject
Project("{FAE04EC0-301F-11D3-BF4B-00C04F79EFBC}") = "Agrobook.Domain", "Agrobook.Domain\Agrobook.Domain.csproj", "{6B9AD205-891C-491A-9166-9B7996821C5D}"
EndProject
Project("{FAE04EC0-301F-11D3-BF4B-00C04F79EFBC}") = "Agrobook.Infrastructure", "Agrobook.Infrastructure\Agrobook.Infrastructure.csproj", "{8194B76B-7583-48A8-A610-01EFADED7417}"
EndProject
Project("{FAE04EC0-301F-11D3-BF4B-00C04F79EFBC}") = "Agrobook.Infrastructure.Tests", "Agrobook.Infrastructure.Tests\Agrobook.Infrastructure.Tests.csproj", "{661206F9-1F82-418E-912D-1595DDEB7B78}"
EndProject
Project("{FAE04EC0-301F-11D3-BF4B-00C04F79EFBC}") = "Agrobook.Desktop", "Agrobook.Desktop\Agrobook.Desktop.csproj", "{7461B967-5FD5-4BCF-BD16-9932585F1318}"
EndProject
Project("{2150E333-8FDC-42A3-9474-1A3956D46DE8}") = "Presentation", "Presentation", "{2773D51A-B4E8-4180-B403-A566314E72D9}"
EndProject
Project("{FAE04EC0-301F-11D3-BF4B-00C04F79EFBC}") = "Agrobook.CLI", "Agrobook.CLI\Agrobook.CLI.csproj", "{1427506A-1548-4A66-8099-5D46D953C92E}"
EndProject
Project("{FAE04EC0-301F-11D3-BF4B-00C04F79EFBC}") = "Agrobook.Domain.Tests", "Agrobook.Domain.Tests\Agrobook.Domain.Tests.csproj", "{E07D41A5-55DE-4251-ABF2-C22992075DC7}"
EndProject
Project("{FAE04EC0-301F-11D3-BF4B-00C04F79EFBC}") = "Agrobook.Client", "Agrobook.Client\Agrobook.Client.csproj", "{28D58658-F70E-4F16-9AFE-CCBAE661A992}"
EndProject
Project("{2150E333-8FDC-42A3-9474-1A3956D46DE8}") = "Docs", "Docs", "{E3353730-C86E-4373-A842-0CBD906F8CBC}"
	ProjectSection(SolutionItems) = preProject
		..\docs\ArchivosDeAgricultura.docx = ..\docs\ArchivosDeAgricultura.docx
		CategoriesProjection.js = CategoriesProjection.js
		..\docs\queries.js = ..\docs\queries.js
		..\docs\UsuariosYGrupos.docx = ..\docs\UsuariosYGrupos.docx
	EndProjectSection
EndProject
Project("{2150E333-8FDC-42A3-9474-1A3956D46DE8}") = "CasosDeUso", "CasosDeUso", "{50CC3FE7-1657-43A7-A1EE-C537B548A4C7}"
	ProjectSection(SolutionItems) = preProject
		..\docs\CasosDeUso\Archivos.docx = ..\docs\CasosDeUso\Archivos.docx
		..\docs\CasosDeUso\SeccionUsuarios.docx = ..\docs\CasosDeUso\SeccionUsuarios.docx
	EndProjectSection
EndProject
Project("{FAE04EC0-301F-11D3-BF4B-00C04F79EFBC}") = "Eventing.Core", "libs\Eventing.Core-v1.0.0\Eventing.Core.csproj", "{D8A3116A-5C51-4A6F-B364-512948E5A792}"
EndProject
Project("{FAE04EC0-301F-11D3-BF4B-00C04F79EFBC}") = "Eventing.GetEventStore", "libs\Eventing.GetEventStore-v1.0.0\Eventing.GetEventStore.csproj", "{7C1FC9BB-A213-4E09-8FD2-F13ADFA758B4}"
EndProject
Project("{FAE04EC0-301F-11D3-BF4B-00C04F79EFBC}") = "Eventing.HttpClient", "libs\Eventing.HttpClient-v1.0.0\Eventing.HttpClient.csproj", "{FD80989B-08E7-446A-B967-670BAEB4BD5F}"
EndProject
Project("{FAE04EC0-301F-11D3-BF4B-00C04F79EFBC}") = "Eventing.TestHelpers", "libs\Eventing.TestHelpers-v1.0.0\Eventing.TestHelpers.csproj", "{31913791-9E19-4F54-BC07-EF281988C0CD}"
EndProject
Project("{2150E333-8FDC-42A3-9474-1A3956D46DE8}") = "libs", "libs", "{DEA078D5-15B3-426E-9FCB-482145F788DA}"
EndProject
Project("{FAE04EC0-301F-11D3-BF4B-00C04F79EFBC}") = "Agrobook.Common", "Agrobook.Common\Agrobook.Common.csproj", "{02F6C2B8-C3EB-4107-8D43-113A0258992F}"
EndProject
Global
	GlobalSection(SolutionConfigurationPlatforms) = preSolution
		Debug|Any CPU = Debug|Any CPU
		DropDb|Any CPU = DropDb|Any CPU
		Release|Any CPU = Release|Any CPU
	EndGlobalSection
	GlobalSection(ProjectConfigurationPlatforms) = postSolution
		{6B68ACFE-67B3-4AE4-9C2E-B723FCDC4DE5}.Debug|Any CPU.ActiveCfg = Debug|Any CPU
		{6B68ACFE-67B3-4AE4-9C2E-B723FCDC4DE5}.Debug|Any CPU.Build.0 = Debug|Any CPU
		{6B68ACFE-67B3-4AE4-9C2E-B723FCDC4DE5}.DropDb|Any CPU.ActiveCfg = DropDb|Any CPU
		{6B68ACFE-67B3-4AE4-9C2E-B723FCDC4DE5}.DropDb|Any CPU.Build.0 = DropDb|Any CPU
		{6B68ACFE-67B3-4AE4-9C2E-B723FCDC4DE5}.Release|Any CPU.ActiveCfg = Release|Any CPU
		{6B68ACFE-67B3-4AE4-9C2E-B723FCDC4DE5}.Release|Any CPU.Build.0 = Release|Any CPU
		{0FCE4C99-B7C4-489C-B994-A0EA68E8D2DC}.Debug|Any CPU.ActiveCfg = Debug|Any CPU
		{0FCE4C99-B7C4-489C-B994-A0EA68E8D2DC}.Debug|Any CPU.Build.0 = Debug|Any CPU
		{0FCE4C99-B7C4-489C-B994-A0EA68E8D2DC}.DropDb|Any CPU.ActiveCfg = DropDb|Any CPU
		{0FCE4C99-B7C4-489C-B994-A0EA68E8D2DC}.DropDb|Any CPU.Build.0 = DropDb|Any CPU
		{0FCE4C99-B7C4-489C-B994-A0EA68E8D2DC}.Release|Any CPU.ActiveCfg = Release|Any CPU
		{0FCE4C99-B7C4-489C-B994-A0EA68E8D2DC}.Release|Any CPU.Build.0 = Release|Any CPU
		{6B9AD205-891C-491A-9166-9B7996821C5D}.Debug|Any CPU.ActiveCfg = Debug|Any CPU
		{6B9AD205-891C-491A-9166-9B7996821C5D}.Debug|Any CPU.Build.0 = Debug|Any CPU
		{6B9AD205-891C-491A-9166-9B7996821C5D}.DropDb|Any CPU.ActiveCfg = DropDb|Any CPU
		{6B9AD205-891C-491A-9166-9B7996821C5D}.DropDb|Any CPU.Build.0 = DropDb|Any CPU
		{6B9AD205-891C-491A-9166-9B7996821C5D}.Release|Any CPU.ActiveCfg = Release|Any CPU
		{6B9AD205-891C-491A-9166-9B7996821C5D}.Release|Any CPU.Build.0 = Release|Any CPU
		{8194B76B-7583-48A8-A610-01EFADED7417}.Debug|Any CPU.ActiveCfg = Debug|Any CPU
		{8194B76B-7583-48A8-A610-01EFADED7417}.Debug|Any CPU.Build.0 = Debug|Any CPU
		{8194B76B-7583-48A8-A610-01EFADED7417}.DropDb|Any CPU.ActiveCfg = DropDb|Any CPU
		{8194B76B-7583-48A8-A610-01EFADED7417}.DropDb|Any CPU.Build.0 = DropDb|Any CPU
		{8194B76B-7583-48A8-A610-01EFADED7417}.Release|Any CPU.ActiveCfg = Release|Any CPU
		{8194B76B-7583-48A8-A610-01EFADED7417}.Release|Any CPU.Build.0 = Release|Any CPU
		{661206F9-1F82-418E-912D-1595DDEB7B78}.Debug|Any CPU.ActiveCfg = Debug|Any CPU
		{661206F9-1F82-418E-912D-1595DDEB7B78}.Debug|Any CPU.Build.0 = Debug|Any CPU
		{661206F9-1F82-418E-912D-1595DDEB7B78}.DropDb|Any CPU.ActiveCfg = DropDb|Any CPU
		{661206F9-1F82-418E-912D-1595DDEB7B78}.DropDb|Any CPU.Build.0 = DropDb|Any CPU
		{661206F9-1F82-418E-912D-1595DDEB7B78}.Release|Any CPU.ActiveCfg = Release|Any CPU
		{661206F9-1F82-418E-912D-1595DDEB7B78}.Release|Any CPU.Build.0 = Release|Any CPU
		{7461B967-5FD5-4BCF-BD16-9932585F1318}.Debug|Any CPU.ActiveCfg = Debug|Any CPU
		{7461B967-5FD5-4BCF-BD16-9932585F1318}.Debug|Any CPU.Build.0 = Debug|Any CPU
		{7461B967-5FD5-4BCF-BD16-9932585F1318}.DropDb|Any CPU.ActiveCfg = DropDb|Any CPU
		{7461B967-5FD5-4BCF-BD16-9932585F1318}.DropDb|Any CPU.Build.0 = DropDb|Any CPU
		{7461B967-5FD5-4BCF-BD16-9932585F1318}.Release|Any CPU.ActiveCfg = Release|Any CPU
		{7461B967-5FD5-4BCF-BD16-9932585F1318}.Release|Any CPU.Build.0 = Release|Any CPU
		{1427506A-1548-4A66-8099-5D46D953C92E}.Debug|Any CPU.ActiveCfg = Debug|Any CPU
		{1427506A-1548-4A66-8099-5D46D953C92E}.Debug|Any CPU.Build.0 = Debug|Any CPU
		{1427506A-1548-4A66-8099-5D46D953C92E}.DropDb|Any CPU.ActiveCfg = DropDb|Any CPU
		{1427506A-1548-4A66-8099-5D46D953C92E}.DropDb|Any CPU.Build.0 = DropDb|Any CPU
		{1427506A-1548-4A66-8099-5D46D953C92E}.Release|Any CPU.ActiveCfg = Release|Any CPU
		{1427506A-1548-4A66-8099-5D46D953C92E}.Release|Any CPU.Build.0 = Release|Any CPU
		{E07D41A5-55DE-4251-ABF2-C22992075DC7}.Debug|Any CPU.ActiveCfg = Debug|Any CPU
		{E07D41A5-55DE-4251-ABF2-C22992075DC7}.Debug|Any CPU.Build.0 = Debug|Any CPU
		{E07D41A5-55DE-4251-ABF2-C22992075DC7}.DropDb|Any CPU.ActiveCfg = DropDb|Any CPU
		{E07D41A5-55DE-4251-ABF2-C22992075DC7}.DropDb|Any CPU.Build.0 = DropDb|Any CPU
		{E07D41A5-55DE-4251-ABF2-C22992075DC7}.Release|Any CPU.ActiveCfg = Release|Any CPU
		{E07D41A5-55DE-4251-ABF2-C22992075DC7}.Release|Any CPU.Build.0 = Release|Any CPU
		{28D58658-F70E-4F16-9AFE-CCBAE661A992}.Debug|Any CPU.ActiveCfg = Debug|Any CPU
		{28D58658-F70E-4F16-9AFE-CCBAE661A992}.Debug|Any CPU.Build.0 = Debug|Any CPU
		{28D58658-F70E-4F16-9AFE-CCBAE661A992}.DropDb|Any CPU.ActiveCfg = DropDb|Any CPU
		{28D58658-F70E-4F16-9AFE-CCBAE661A992}.DropDb|Any CPU.Build.0 = DropDb|Any CPU
		{28D58658-F70E-4F16-9AFE-CCBAE661A992}.Release|Any CPU.ActiveCfg = Release|Any CPU
		{28D58658-F70E-4F16-9AFE-CCBAE661A992}.Release|Any CPU.Build.0 = Release|Any CPU
		{D8A3116A-5C51-4A6F-B364-512948E5A792}.Debug|Any CPU.ActiveCfg = Debug|Any CPU
		{D8A3116A-5C51-4A6F-B364-512948E5A792}.Debug|Any CPU.Build.0 = Debug|Any CPU
		{D8A3116A-5C51-4A6F-B364-512948E5A792}.DropDb|Any CPU.ActiveCfg = DropDb|Any CPU
		{D8A3116A-5C51-4A6F-B364-512948E5A792}.DropDb|Any CPU.Build.0 = DropDb|Any CPU
		{D8A3116A-5C51-4A6F-B364-512948E5A792}.Release|Any CPU.ActiveCfg = Release|Any CPU
		{D8A3116A-5C51-4A6F-B364-512948E5A792}.Release|Any CPU.Build.0 = Release|Any CPU
		{7C1FC9BB-A213-4E09-8FD2-F13ADFA758B4}.Debug|Any CPU.ActiveCfg = Debug|Any CPU
		{7C1FC9BB-A213-4E09-8FD2-F13ADFA758B4}.Debug|Any CPU.Build.0 = Debug|Any CPU
		{7C1FC9BB-A213-4E09-8FD2-F13ADFA758B4}.DropDb|Any CPU.ActiveCfg = DropDb|Any CPU
		{7C1FC9BB-A213-4E09-8FD2-F13ADFA758B4}.DropDb|Any CPU.Build.0 = DropDb|Any CPU
		{7C1FC9BB-A213-4E09-8FD2-F13ADFA758B4}.Release|Any CPU.ActiveCfg = Release|Any CPU
		{7C1FC9BB-A213-4E09-8FD2-F13ADFA758B4}.Release|Any CPU.Build.0 = Release|Any CPU
		{FD80989B-08E7-446A-B967-670BAEB4BD5F}.Debug|Any CPU.ActiveCfg = Debug|Any CPU
		{FD80989B-08E7-446A-B967-670BAEB4BD5F}.Debug|Any CPU.Build.0 = Debug|Any CPU
		{FD80989B-08E7-446A-B967-670BAEB4BD5F}.DropDb|Any CPU.ActiveCfg = DropDb|Any CPU
		{FD80989B-08E7-446A-B967-670BAEB4BD5F}.DropDb|Any CPU.Build.0 = DropDb|Any CPU
		{FD80989B-08E7-446A-B967-670BAEB4BD5F}.Release|Any CPU.ActiveCfg = Release|Any CPU
		{FD80989B-08E7-446A-B967-670BAEB4BD5F}.Release|Any CPU.Build.0 = Release|Any CPU
		{31913791-9E19-4F54-BC07-EF281988C0CD}.Debug|Any CPU.ActiveCfg = Debug|Any CPU
		{31913791-9E19-4F54-BC07-EF281988C0CD}.Debug|Any CPU.Build.0 = Debug|Any CPU
		{31913791-9E19-4F54-BC07-EF281988C0CD}.DropDb|Any CPU.ActiveCfg = Debug|Any CPU
		{31913791-9E19-4F54-BC07-EF281988C0CD}.DropDb|Any CPU.Build.0 = Debug|Any CPU
		{31913791-9E19-4F54-BC07-EF281988C0CD}.Release|Any CPU.ActiveCfg = Release|Any CPU
		{31913791-9E19-4F54-BC07-EF281988C0CD}.Release|Any CPU.Build.0 = Release|Any CPU
		{02F6C2B8-C3EB-4107-8D43-113A0258992F}.Debug|Any CPU.ActiveCfg = Debug|Any CPU
		{02F6C2B8-C3EB-4107-8D43-113A0258992F}.Debug|Any CPU.Build.0 = Debug|Any CPU
		{02F6C2B8-C3EB-4107-8D43-113A0258992F}.DropDb|Any CPU.ActiveCfg = DropDb|Any CPU
		{02F6C2B8-C3EB-4107-8D43-113A0258992F}.DropDb|Any CPU.Build.0 = DropDb|Any CPU
		{02F6C2B8-C3EB-4107-8D43-113A0258992F}.Release|Any CPU.ActiveCfg = Release|Any CPU
		{02F6C2B8-C3EB-4107-8D43-113A0258992F}.Release|Any CPU.Build.0 = Release|Any CPU
	EndGlobalSection
	GlobalSection(SolutionProperties) = preSolution
		HideSolutionNode = FALSE
	EndGlobalSection
	GlobalSection(NestedProjects) = preSolution
		{7461B967-5FD5-4BCF-BD16-9932585F1318} = {2773D51A-B4E8-4180-B403-A566314E72D9}
		{1427506A-1548-4A66-8099-5D46D953C92E} = {2773D51A-B4E8-4180-B403-A566314E72D9}
		{50CC3FE7-1657-43A7-A1EE-C537B548A4C7} = {E3353730-C86E-4373-A842-0CBD906F8CBC}
		{D8A3116A-5C51-4A6F-B364-512948E5A792} = {DEA078D5-15B3-426E-9FCB-482145F788DA}
		{7C1FC9BB-A213-4E09-8FD2-F13ADFA758B4} = {DEA078D5-15B3-426E-9FCB-482145F788DA}
		{FD80989B-08E7-446A-B967-670BAEB4BD5F} = {DEA078D5-15B3-426E-9FCB-482145F788DA}
		{31913791-9E19-4F54-BC07-EF281988C0CD} = {DEA078D5-15B3-426E-9FCB-482145F788DA}
	EndGlobalSection
	GlobalSection(ExtensibilityGlobals) = postSolution
		SolutionGuid = {72930BDE-DB43-4017-929E-E333597E1718}
	EndGlobalSection
EndGlobal
